
Microsoft Visual Studio Solution File, Format Version 9.00
# Visual Studio 2005
Project("{FAE04EC0-301F-11D3-BF4B-00C04F79EFBC}") = "q603", "q603\q603.csproj", "{AE1C4042-3314-4D76-B2ED-89A9716FB07F}"
EndProject
Global
	GlobalSection(SolutionConfigurationPlatforms) = preSolution
		Debug|Any CPU = Debug|Any CPU
		Release|Any CPU = Release|Any CPU
	EndGlobalSection
	GlobalSection(ProjectConfigurationPlatforms) = postSolution
		{AE1C4042-3314-4D76-B2ED-89A9716FB07F}.Debug|Any CPU.ActiveCfg = Debug|Any CPU
		{AE1C4042-3314-4D76-B2ED-89A9716FB07F}.Debug|Any CPU.Build.0 = Debug|Any CPU
		{AE1C4042-3314-4D76-B2ED-89A9716FB07F}.Release|Any CPU.ActiveCfg = Release|Any CPU
		{AE1C4042-3314-4D76-B2ED-89A9716FB07F}.Release|Any CPU.Build.0 = Release|Any CPU
	EndGlobalSection
	GlobalSection(SolutionProperties) = preSolution
		HideSolutionNode = FALSE
	EndGlobalSection
EndGlobal
